
Microsoft Visual Studio Solution File, Format Version 12.00
# Visual Studio Version 17
VisualStudioVersion = 17.12.35707.178 d17.12
MinimumVisualStudioVersion = 10.0.40219.1
Project("{FAE04EC0-301F-11D3-BF4B-00C04F79EFBC}") = "media2", "media2\media2.csproj", "{BEF04B03-1C7B-4B88-B720-43CEFFF8F42F}"
EndProject
Global
	GlobalSection(SolutionConfigurationPlatforms) = preSolution
		Debug|Any CPU = Debug|Any CPU
		Release|Any CPU = Release|Any CPU
	EndGlobalSection
	GlobalSection(ProjectConfigurationPlatforms) = postSolution
		{BEF04B03-1C7B-4B88-B720-43CEFFF8F42F}.Debug|Any CPU.ActiveCfg = Debug|Any CPU
		{BEF04B03-1C7B-4B88-B720-43CEFFF8F42F}.Debug|Any CPU.Build.0 = Debug|Any CPU
		{BEF04B03-1C7B-4B88-B720-43CEFFF8F42F}.Release|Any CPU.ActiveCfg = Release|Any CPU
		{BEF04B03-1C7B-4B88-B720-43CEFFF8F42F}.Release|Any CPU.Build.0 = Release|Any CPU
	EndGlobalSection
	GlobalSection(SolutionProperties) = preSolution
		HideSolutionNode = FALSE
	EndGlobalSection
EndGlobal
