
Microsoft Visual Studio Solution File, Format Version 12.00
# Visual Studio Version 17
VisualStudioVersion = 17.12.35707.178 d17.12
MinimumVisualStudioVersion = 10.0.40219.1
Project("{FAE04EC0-301F-11D3-BF4B-00C04F79EFBC}") = "jogo-adivinha-numero", "jogo-adivinha-numero\jogo-adivinha-numero.csproj", "{EFBA2DF6-5E30-4EBC-AB46-C00142D960A2}"
EndProject
Global
	GlobalSection(SolutionConfigurationPlatforms) = preSolution
		Debug|Any CPU = Debug|Any CPU
		Release|Any CPU = Release|Any CPU
	EndGlobalSection
	GlobalSection(ProjectConfigurationPlatforms) = postSolution
		{EFBA2DF6-5E30-4EBC-AB46-C00142D960A2}.Debug|Any CPU.ActiveCfg = Debug|Any CPU
		{EFBA2DF6-5E30-4EBC-AB46-C00142D960A2}.Debug|Any CPU.Build.0 = Debug|Any CPU
		{EFBA2DF6-5E30-4EBC-AB46-C00142D960A2}.Release|Any CPU.ActiveCfg = Release|Any CPU
		{EFBA2DF6-5E30-4EBC-AB46-C00142D960A2}.Release|Any CPU.Build.0 = Release|Any CPU
	EndGlobalSection
	GlobalSection(SolutionProperties) = preSolution
		HideSolutionNode = FALSE
	EndGlobalSection
EndGlobal
